
Microsoft Visual Studio Solution File, Format Version 12.00
# Visual Studio 15
VisualStudioVersion = 15.0.27703.2035
MinimumVisualStudioVersion = 10.0.40219.1
Project("{FAE04EC0-301F-11D3-BF4B-00C04F79EFBC}") = "Cognitive.Consul.Common", "Cognitive.Consul.Common\Cognitive.Consul.Common.csproj", "{9B31C6AC-7A6A-43D0-85B7-A88FCCAC4340}"
EndProject
Project("{FAE04EC0-301F-11D3-BF4B-00C04F79EFBC}") = "Cognitive.Consul.ClientService", "Cognitive.Consul.ClientService\Cognitive.Consul.ClientService.csproj", "{25117BAD-8EC2-4669-AAA2-E42ABFBFACAB}"
EndProject
Global
	GlobalSection(SolutionConfigurationPlatforms) = preSolution
		Debug|Any CPU = Debug|Any CPU
		Release|Any CPU = Release|Any CPU
	EndGlobalSection
	GlobalSection(ProjectConfigurationPlatforms) = postSolution
		{9B31C6AC-7A6A-43D0-85B7-A88FCCAC4340}.Debug|Any CPU.ActiveCfg = Debug|Any CPU
		{9B31C6AC-7A6A-43D0-85B7-A88FCCAC4340}.Debug|Any CPU.Build.0 = Debug|Any CPU
		{9B31C6AC-7A6A-43D0-85B7-A88FCCAC4340}.Release|Any CPU.ActiveCfg = Release|Any CPU
		{9B31C6AC-7A6A-43D0-85B7-A88FCCAC4340}.Release|Any CPU.Build.0 = Release|Any CPU
		{25117BAD-8EC2-4669-AAA2-E42ABFBFACAB}.Debug|Any CPU.ActiveCfg = Debug|Any CPU
		{25117BAD-8EC2-4669-AAA2-E42ABFBFACAB}.Debug|Any CPU.Build.0 = Debug|Any CPU
		{25117BAD-8EC2-4669-AAA2-E42ABFBFACAB}.Release|Any CPU.ActiveCfg = Release|Any CPU
		{25117BAD-8EC2-4669-AAA2-E42ABFBFACAB}.Release|Any CPU.Build.0 = Release|Any CPU
	EndGlobalSection
	GlobalSection(SolutionProperties) = preSolution
		HideSolutionNode = FALSE
	EndGlobalSection
	GlobalSection(ExtensibilityGlobals) = postSolution
		SolutionGuid = {DBD0640E-292D-4C13-AD10-59CC83D56020}
	EndGlobalSection
EndGlobal
